{
  "lockfileVersion": 1,
  "configVersion": 1,
  "workspaces": {
    "": {
      "dependencies": {
        "mic": "^2.1.2",
        "openai": "^6.47.0",
      },
      "devDependencies": {
        "@types/node": "^26.1.1",
      },
    },
  },
  "packages": {
    "@types/node": ["@types/node@26.1.1", "", { "dependencies": { "undici-types": "~8.3.0" } }, "sha512-nxAkRSVkN1Y0JC1W8ky/fTfkGsMmcrRsbx+3XoZE+rMOX71kLYTV7fLXpqud1GpbpP5TuffXFqfX7fH2GgZREw=="],

    "mic": ["mic@2.1.2", "", {}, "sha512-rpl4tgdXX24sAzYwjRc5OZfGNAuhUIIjdd0cw8+Ubq7rp3iGhi40AdqcwurDWhEZADk60tPOxb3E2MpoeLeyxw=="],

    "openai": ["openai@6.47.0", "", { "peerDependencies": { "@aws-sdk/credential-provider-node": ">=3.972.0 <4", "@smithy/hash-node": ">=4.3.0 <5", "@smithy/signature-v4": ">=5.4.0 <6", "ws": "^8.18.0", "zod": "^3.25 || ^4.0" }, "optionalPeers": ["@aws-sdk/credential-provider-node", "@smithy/hash-node", "@smithy/signature-v4", "ws", "zod"] }, "sha512-xYr+R9woSzWxVxeiqkkNbHhv89tZDEI6eBMbrdPnv3poh+mijHvbhS35a+3o6xHa411/ns8j5ENY3So9DCXWYw=="],

    "undici-types": ["undici-types@8.3.0", "", {}, "sha512-j375ScV60dom+YkPFIfTLcOiPxkN/buHz5GobjLhixFuANaNs3C9l4GmrWqejgXWJ7BbJcFYpTEUkS1Ge8bpZQ=="],
  }
}
